{
  "name": "remove",
  "version": "0.1.0",
  "lockfileVersion": 1,
  "requires": true,
  "dependencies": {
    "miraculous-undo": {
      "version": "0.2.0",
      "resolved": "https://registry.npmjs.org/miraculous-undo/-/miraculous-undo-0.2.0.tgz",
      "integrity": "sha512-9aIfQ+80TJxTUTPLxy7pNrK0cKFAnbvgyUg9lwKJMkg4N3h9pc0SzzdcjWDOwMKev1wLJz+J83VnUUnRVpkh6A=="
    }
  }
}
